
Microsoft Visual Studio Solution File, Format Version 10.00
# Visual Studio 2008
Project("{FAE04EC0-301F-11D3-BF4B-00C04F79EFBC}") = "EC3Functions", "EC3Functions\EC3Functions.csproj", "{EDAFB264-5898-41B8-9FA6-9E2BF94108FE}"
EndProject
Global
	GlobalSection(SolutionConfigurationPlatforms) = preSolution
		Debug|Any CPU = Debug|Any CPU
		Release|Any CPU = Release|Any CPU
	EndGlobalSection
	GlobalSection(ProjectConfigurationPlatforms) = postSolution
		{EDAFB264-5898-41B8-9FA6-9E2BF94108FE}.Debug|Any CPU.ActiveCfg = Debug|Any CPU
		{EDAFB264-5898-41B8-9FA6-9E2BF94108FE}.Debug|Any CPU.Build.0 = Debug|Any CPU
		{EDAFB264-5898-41B8-9FA6-9E2BF94108FE}.Release|Any CPU.ActiveCfg = Release|Any CPU
		{EDAFB264-5898-41B8-9FA6-9E2BF94108FE}.Release|Any CPU.Build.0 = Release|Any CPU
	EndGlobalSection
	GlobalSection(SolutionProperties) = preSolution
		HideSolutionNode = FALSE
	EndGlobalSection
EndGlobal
